
Microsoft Visual Studio Solution File, Format Version 12.00
# Visual Studio Version 17
VisualStudioVersion = 17.11.35327.3
MinimumVisualStudioVersion = 10.0.40219.1
Project("{FAE04EC0-301F-11D3-BF4B-00C04F79EFBC}") = "EncapsulationExample", "EncapsulationExample\EncapsulationExample.csproj", "{C3BC9F42-C693-4183-B54B-492CD5C255FC}"
EndProject
Global
	GlobalSection(SolutionConfigurationPlatforms) = preSolution
		Debug|Any CPU = Debug|Any CPU
		Release|Any CPU = Release|Any CPU
	EndGlobalSection
	GlobalSection(ProjectConfigurationPlatforms) = postSolution
		{C3BC9F42-C693-4183-B54B-492CD5C255FC}.Debug|Any CPU.ActiveCfg = Debug|Any CPU
		{C3BC9F42-C693-4183-B54B-492CD5C255FC}.Debug|Any CPU.Build.0 = Debug|Any CPU
		{C3BC9F42-C693-4183-B54B-492CD5C255FC}.Release|Any CPU.ActiveCfg = Release|Any CPU
		{C3BC9F42-C693-4183-B54B-492CD5C255FC}.Release|Any CPU.Build.0 = Release|Any CPU
	EndGlobalSection
	GlobalSection(SolutionProperties) = preSolution
		HideSolutionNode = FALSE
	EndGlobalSection
	GlobalSection(ExtensibilityGlobals) = postSolution
		SolutionGuid = {57A68E5D-BBD6-4ACD-B614-5357231482DE}
	EndGlobalSection
EndGlobal
